// !$*UTF8*$!
{
	archiveVersion = 1;
	classes = {
	};
	objectVersion = 50;
	objects = {

/* Begin PBXBuildFile section */
		0A0F1B5922A90D7700C16554 /* AppDelegate.m in Sources */ = {isa = PBXBuildFile; fileRef = 0A0F1B5822A90D7700C16554 /* AppDelegate.m */; };
		0A0F1B5C22A90D7700C16554 /* ViewController.m in Sources */ = {isa = PBXBuildFile; fileRef = 0A0F1B5B22A90D7700C16554 /* ViewController.m */; };
		0A0F1B5F22A90D7700C16554 /* Main.storyboard in Resources */ = {isa = PBXBuildFile; fileRef = 0A0F1B5D22A90D7700C16554 /* Main.storyboard */; };
		0A0F1B6122A90D7800C16554 /* Assets.xcassets in Resources */ = {isa = PBXBuildFile; fileRef = 0A0F1B6022A90D7800C16554 /* Assets.xcassets */; };
		0A0F1B6422A90D7800C16554 /* LaunchScreen.storyboard in Resources */ = {isa = PBXBuildFile; fileRef = 0A0F1B6222A90D7800C16554 /* LaunchScreen.storyboard */; };
		0A0F1B6722A90D7800C16554 /* main.m in Sources */ = {isa = PBXBuildFile; fileRef = 0A0F1B6622A90D7800C16554 /* main.m */; };
		0A0F1B7022A90E5D00C16554 /* BETA.xcconfig in Resources */ = {isa = PBXBuildFile; fileRef = 0A0F1B6F22A90E5D00C16554 /* BETA.xcconfig */; };
		0A0F1B7222A9104200C16554 /* common.xcconfig in Resources */ = {isa = PBXBuildFile; fileRef = 0A0F1B7122A9104200C16554 /* common.xcconfig */; };
		FFB30E8ED8698290149A47E5 /* libPods-XXConfig.a in Frameworks */ = {isa = PBXBuildFile; fileRef = 61EB9FE92DC7EBDF3D61DF06 /* libPods-XXConfig.a */; };
/* End PBXBuildFile section */

/* Begin PBXFileReference section */
		0A0F1B5422A90D7700C16554 /* XXConfig.app */ = {isa = PBXFileReference; explicitFileType = wrapper.application; includeInIndex = 0; path = XXConfig.app; sourceTree = BUILT_PRODUCTS_DIR; };
		0A0F1B5722A90D7700C16554 /* AppDelegate.h */ = {isa = PBXFileReference; lastKnownFileType = sourcecode.c.h; path = AppDelegate.h; sourceTree = "<group>"; };
		0A0F1B5822A90D7700C16554 /* AppDelegate.m */ = {isa = PBXFileReference; lastKnownFileType = sourcecode.c.objc; path = AppDelegate.m; sourceTree = "<group>"; };
		0A0F1B5A22A90D7700C16554 /* ViewController.h */ = {isa = PBXFileReference; lastKnownFileType = sourcecode.c.h; path = ViewController.h; sourceTree = "<group>"; };
		0A0F1B5B22A90D7700C16554 /* ViewController.m */ = {isa = PBXFileReference; lastKnownFileType = sourcecode.c.objc; path = ViewController.m; sourceTree = "<group>"; };
		0A0F1B5E22A90D7700C16554 /* Base */ = {isa = PBXFileReference; lastKnownFileType = file.storyboard; name = Base; path = Base.lproj/Main.storyboard; sourceTree = "<group>"; };
		0A0F1B6022A90D7800C16554 /* Assets.xcassets */ = {isa = PBXFileReference; lastKnownFileType = folder.assetcatalog; path = Assets.xcassets; sourceTree = "<group>"; };
		0A0F1B6322A90D7800C16554 /* Base */ = {isa = PBXFileReference; lastKnownFileType = file.storyboard; name = Base; path = Base.lproj/LaunchScreen.storyboard; sourceTree = "<group>"; };
		0A0F1B6522A90D7800C16554 /* Info.plist */ = {isa = PBXFileReference; lastKnownFileType = text.plist.xml; path = Info.plist; sourceTree = "<group>"; };
		0A0F1B6622A90D7800C16554 /* main.m */ = {isa = PBXFileReference; lastKnownFileType = sourcecode.c.objc; path = main.m; sourceTree = "<group>"; };
		0A0F1B6F22A90E5D00C16554 /* BETA.xcconfig */ = {isa = PBXFileReference; lastKnownFileType = text.xcconfig; path = BETA.xcconfig; sourceTree = "<group>"; };
		0A0F1B7122A9104200C16554 /* common.xcconfig */ = {isa = PBXFileReference; lastKnownFileType = text.xcconfig; path = common.xcconfig; sourceTree = "<group>"; };
		2003429EC04E95486D041793 /* Pods-XXConfig.debug.xcconfig */ = {isa = PBXFileReference; includeInIndex = 1; lastKnownFileType = text.xcconfig; name = "Pods-XXConfig.debug.xcconfig"; path = "Pods/Target Support Files/Pods-XXConfig/Pods-XXConfig.debug.xcconfig"; sourceTree = "<group>"; };
		3F2871F2F63B5C3B85F36116 /* Pods-XXConfig.release.xcconfig */ = {isa = PBXFileReference; includeInIndex = 1; lastKnownFileType = text.xcconfig; name = "Pods-XXConfig.release.xcconfig"; path = "Pods/Target Support Files/Pods-XXConfig/Pods-XXConfig.release.xcconfig"; sourceTree = "<group>"; };
		61EB9FE92DC7EBDF3D61DF06 /* libPods-XXConfig.a */ = {isa = PBXFileReference; explicitFileType = archive.ar; includeInIndex = 0; path = "libPods-XXConfig.a"; sourceTree = BUILT_PRODUCTS_DIR; };
/* End PBXFileReference section */

/* Begin PBXFrameworksBuildPhase section */
		0A0F1B5122A90D7700C16554 /* Frameworks */ = {
			isa = PBXFrameworksBuildPhase;
			buildActionMask = 2147483647;
			files = (
				FFB30E8ED8698290149A47E5 /* libPods-XXConfig.a in Frameworks */,
			);
			runOnlyForDeploymentPostprocessing = 0;
		};
/* End PBXFrameworksBuildPhase section */

/* Begin PBXGroup section */
		0A0F1B4B22A90D7700C16554 = {
			isa = PBXGroup;
			children = (
				0A0F1B5622A90D7700C16554 /* XXConfig */,
				0A0F1B5522A90D7700C16554 /* Products */,
				79348E7E46CBBB1EFB5D3C6E /* Pods */,
				D4D1D00149F9B56F0C56D25B /* Frameworks */,
			);
			sourceTree = "<group>";
		};
		0A0F1B5522A90D7700C16554 /* Products */ = {
			isa = PBXGroup;
			children = (
				0A0F1B5422A90D7700C16554 /* XXConfig.app */,
			);
			name = Products;
			sourceTree = "<group>";
		};
		0A0F1B5622A90D7700C16554 /* XXConfig */ = {
			isa = PBXGroup;
			children = (
				0A0F1B5722A90D7700C16554 /* AppDelegate.h */,
				0A0F1B5822A90D7700C16554 /* AppDelegate.m */,
				0A0F1B5A22A90D7700C16554 /* ViewController.h */,
				0A0F1B5B22A90D7700C16554 /* ViewController.m */,
				0A0F1B5D22A90D7700C16554 /* Main.storyboard */,
				0A0F1B6022A90D7800C16554 /* Assets.xcassets */,
				0A0F1B6222A90D7800C16554 /* LaunchScreen.storyboard */,
				0A0F1B6522A90D7800C16554 /* Info.plist */,
				0A0F1B6622A90D7800C16554 /* main.m */,
				0A0F1B6F22A90E5D00C16554 /* BETA.xcconfig */,
				0A0F1B7122A9104200C16554 /* common.xcconfig */,
			);
			path = XXConfig;
			sourceTree = "<group>";
		};
		79348E7E46CBBB1EFB5D3C6E /* Pods */ = {
			isa = PBXGroup;
			children = (
				2003429EC04E95486D041793 /* Pods-XXConfig.debug.xcconfig */,
				3F2871F2F63B5C3B85F36116 /* Pods-XXConfig.release.xcconfig */,
			);
			name = Pods;
			sourceTree = "<group>";
		};
		D4D1D00149F9B56F0C56D25B /* Frameworks */ = {
			isa = PBXGroup;
			children = (
				61EB9FE92DC7EBDF3D61DF06 /* libPods-XXConfig.a */,
			);
			name = Frameworks;
			sourceTree = "<group>";
		};
/* End PBXGroup section */

/* Begin PBXNativeTarget section */
		0A0F1B5322A90D7700C16554 /* XXConfig */ = {
			isa = PBXNativeTarget;
			buildConfigurationList = 0A0F1B6A22A90D7800C16554 /* Build configuration list for PBXNativeTarget "XXConfig" */;
			buildPhases = (
				890363E2605E6D8A0E0EF59B /* [CP] Check Pods Manifest.lock */,
				0A0F1B5022A90D7700C16554 /* Sources */,
				0A0F1B5122A90D7700C16554 /* Frameworks */,
				0A0F1B5222A90D7700C16554 /* Resources */,
			);
			buildRules = (
			);
			dependencies = (
			);
			name = XXConfig;
			productName = XXConfig;
			productReference = 0A0F1B5422A90D7700C16554 /* XXConfig.app */;
			productType = "com.apple.product-type.application";
		};
/* End PBXNativeTarget section */

/* Begin PBXProject section */
		0A0F1B4C22A90D7700C16554 /* Project object */ = {
			isa = PBXProject;
			attributes = {
				LastUpgradeCheck = 1010;
				ORGANIZATIONNAME = liuigangi;
				TargetAttributes = {
					0A0F1B5322A90D7700C16554 = {
						CreatedOnToolsVersion = 10.1;
					};
				};
			};
			buildConfigurationList = 0A0F1B4F22A90D7700C16554 /* Build configuration list for PBXProject "XXConfig" */;
			compatibilityVersion = "Xcode 9.3";
			developmentRegion = en;
			hasScannedForEncodings = 0;
			knownRegions = (
				en,
				Base,
			);
			mainGroup = 0A0F1B4B22A90D7700C16554;
			productRefGroup = 0A0F1B5522A90D7700C16554 /* Products */;
			projectDirPath = "";
			projectRoot = "";
			targets = (
				0A0F1B5322A90D7700C16554 /* XXConfig */,
			);
		};
/* End PBXProject section */

/* Begin PBXResourcesBuildPhase section */
		0A0F1B5222A90D7700C16554 /* Resources */ = {
			isa = PBXResourcesBuildPhase;
			buildActionMask = 2147483647;
			files = (
				0A0F1B7022A90E5D00C16554 /* BETA.xcconfig in Resources */,
				0A0F1B6422A90D7800C16554 /* LaunchScreen.storyboard in Resources */,
				0A0F1B6122A90D7800C16554 /* Assets.xcassets in Resources */,
				0A0F1B5F22A90D7700C16554 /* Main.storyboard in Resources */,
				0A0F1B7222A9104200C16554 /* common.xcconfig in Resources */,
			);
			runOnlyForDeploymentPostprocessing = 0;
		};
/* End PBXResourcesBuildPhase section */

/* Begin PBXShellScriptBuildPhase section */
		890363E2605E6D8A0E0EF59B /* [CP] Check Pods Manifest.lock */ = {
			isa = PBXShellScriptBuildPhase;
			buildActionMask = 2147483647;
			files = (
			);
			inputFileListPaths = (
			);
			inputPaths = (
				"${PODS_PODFILE_DIR_PATH}/Podfile.lock",
				"${PODS_ROOT}/Manifest.lock",
			);
			name = "[CP] Check Pods Manifest.lock";
			outputFileListPaths = (
			);
			outputPaths = (
				"$(DERIVED_FILE_DIR)/Pods-XXConfig-checkManifestLockResult.txt",
			);
			runOnlyForDeploymentPostprocessing = 0;
			shellPath = /bin/sh;
			shellScript = "diff \"${PODS_PODFILE_DIR_PATH}/Podfile.lock\" \"${PODS_ROOT}/Manifest.lock\" > /dev/null\nif [ $? != 0 ] ; then\n    # print error to STDERR\n    echo \"error: The sandbox is not in sync with the Podfile.lock. Run 'pod install' or update your CocoaPods installation.\" >&2\n    exit 1\nfi\n# This output is used by Xcode 'outputs' to avoid re-running this script phase.\necho \"SUCCESS\" > \"${SCRIPT_OUTPUT_FILE_0}\"\n";
			showEnvVarsInLog = 0;
		};
/* End PBXShellScriptBuildPhase section */

/* Begin PBXSourcesBuildPhase section */
		0A0F1B5022A90D7700C16554 /* Sources */ = {
			isa = PBXSourcesBuildPhase;
			buildActionMask = 2147483647;
			files = (
				0A0F1B5C22A90D7700C16554 /* ViewController.m in Sources */,
				0A0F1B6722A90D7800C16554 /* main.m in Sources */,
				0A0F1B5922A90D7700C16554 /* AppDelegate.m in Sources */,
			);
			runOnlyForDeploymentPostprocessing = 0;
		};
/* End PBXSourcesBuildPhase section */

/* Begin PBXVariantGroup section */
		0A0F1B5D22A90D7700C16554 /* Main.storyboard */ = {
			isa = PBXVariantGroup;
			children = (
				0A0F1B5E22A90D7700C16554 /* Base */,
			);
			name = Main.storyboard;
			sourceTree = "<group>";
		};
		0A0F1B6222A90D7800C16554 /* LaunchScreen.storyboard */ = {
			isa = PBXVariantGroup;
			children = (
				0A0F1B6322A90D7800C16554 /* Base */,
			);
			name = LaunchScreen.storyboard;
			sourceTree = "<group>";
		};
/* End PBXVariantGroup section */

/* Begin XCBuildConfiguration section */
		0A0F1B6822A90D7800C16554 /* Debug */ = {
			isa = XCBuildConfiguration;
			buildSettings = {
				ALWAYS_SEARCH_USER_PATHS = NO;
				CLANG_ANALYZER_NONNULL = YES;
				CLANG_ANALYZER_NUMBER_OBJECT_CONVERSION = YES_AGGRESSIVE;
				CLANG_CXX_LANGUAGE_STANDARD = "gnu++14";
				CLANG_CXX_LIBRARY = "libc++";
				CLANG_ENABLE_MODULES = YES;
				CLANG_ENABLE_OBJC_ARC = YES;
				CLANG_ENABLE_OBJC_WEAK = YES;
				CLANG_WARN_BLOCK_CAPTURE_AUTORELEASING = YES;
				CLANG_WARN_BOOL_CONVERSION = YES;
				CLANG_WARN_COMMA = YES;
				CLANG_WARN_CONSTANT_CONVERSION = YES;
				CLANG_WARN_DEPRECATED_OBJC_IMPLEMENTATIONS = YES;
				CLANG_WARN_DIRECT_OBJC_ISA_USAGE = YES_ERROR;
				CLANG_WARN_DOCUMENTATION_COMMENTS = YES;
				CLANG_WARN_EMPTY_BODY = YES;
				CLANG_WARN_ENUM_CONVERSION = YES;
				CLANG_WARN_INFINITE_RECURSION = YES;
				CLANG_WARN_INT_CONVERSION = YES;
				CLANG_WARN_NON_LITERAL_NULL_CONVERSION = YES;
				CLANG_WARN_OBJC_IMPLICIT_RETAIN_SELF = YES;
				CLANG_WARN_OBJC_LITERAL_CONVERSION = YES;
				CLANG_WARN_OBJC_ROOT_CLASS = YES_ERROR;
				CLANG_WARN_RANGE_LOOP_ANALYSIS = YES;
				CLANG_WARN_STRICT_PROTOTYPES = YES;
				CLANG_WARN_SUSPICIOUS_MOVE = YES;
				CLANG_WARN_UNGUARDED_AVAILABILITY = YES_AGGRESSIVE;
				CLANG_WARN_UNREACHABLE_CODE = YES;
				CLANG_WARN__DUPLICATE_METHOD_MATCH = YES;
				CODE_SIGN_IDENTITY = "iPhone Developer";
				COPY_PHASE_STRIP = NO;
				DEBUG_INFORMATION_FORMAT = dwarf;
				ENABLE_STRICT_OBJC_MSGSEND = YES;
				ENABLE_TESTABILITY = YES;
				GCC_C_LANGUAGE_STANDARD = gnu11;
				GCC_DYNAMIC_NO_PIC = NO;
				GCC_NO_COMMON_BLOCKS = YES;
				GCC_OPTIMIZATION_LEVEL = 0;
				GCC_PREPROCESSOR_DEFINITIONS = (
					"DEBUG=1",
					"$(inherited)",
				);
				GCC_WARN_64_TO_32_BIT_CONVERSION = YES;
				GCC_WARN_ABOUT_RETURN_TYPE = YES_ERROR;
				GCC_WARN_UNDECLARED_SELECTOR = YES;
				GCC_WARN_UNINITIALIZED_AUTOS = YES_AGGRESSIVE;
				GCC_WARN_UNUSED_FUNCTION = YES;
				GCC_WARN_UNUSED_VARIABLE = YES;
				IPHONEOS_DEPLOYMENT_TARGET = 12.1;
				MTL_ENABLE_DEBUG_INFO = INCLUDE_SOURCE;
				MTL_FAST_MATH = YES;
				ONLY_ACTIVE_ARCH = YES;
				SDKROOT = iphoneos;
			};
			name = Debug;
		};
		0A0F1B6922A90D7800C16554 /* Release */ = {
			isa = XCBuildConfiguration;
			buildSettings = {
				ALWAYS_SEARCH_USER_PATHS = NO;
				CLANG_ANALYZER_NONNULL = YES;
				CLANG_ANALYZER_NUMBER_OBJECT_CONVERSION = YES_AGGRESSIVE;
				CLANG_CXX_LANGUAGE_STANDARD = "gnu++14";
				CLANG_CXX_LIBRARY = "libc++";
				CLANG_ENABLE_MODULES = YES;
				CLANG_ENABLE_OBJC_ARC = YES;
				CLANG_ENABLE_OBJC_WEAK = YES;
				CLANG_WARN_BLOCK_CAPTURE_AUTORELEASING = YES;
				CLANG_WARN_BOOL_CONVERSION = YES;
				CLANG_WARN_COMMA = YES;
				CLANG_WARN_CONSTANT_CONVERSION = YES;
				CLANG_WARN_DEPRECATED_OBJC_IMPLEMENTATIONS = YES;
				CLANG_WARN_DIRECT_OBJC_ISA_USAGE = YES_ERROR;
				CLANG_WARN_DOCUMENTATION_COMMENTS = YES;
				CLANG_WARN_EMPTY_BODY = YES;
				CLANG_WARN_ENUM_CONVERSION = YES;
				CLANG_WARN_INFINITE_RECURSION = YES;
				CLANG_WARN_INT_CONVERSION = YES;
				CLANG_WARN_NON_LITERAL_NULL_CONVERSION = YES;
				CLANG_WARN_OBJC_IMPLICIT_RETAIN_SELF = YES;
				CLANG_WARN_OBJC_LITERAL_CONVERSION = YES;
				CLANG_WARN_OBJC_ROOT_CLASS = YES_ERROR;
				CLANG_WARN_RANGE_LOOP_ANALYSIS = YES;
				CLANG_WARN_STRICT_PROTOTYPES = YES;
				CLANG_WARN_SUSPICIOUS_MOVE = YES;
				CLANG_WARN_UNGUARDED_AVAILABILITY = YES_AGGRESSIVE;
				CLANG_WARN_UNREACHABLE_CODE = YES;
				CLANG_WARN__DUPLICATE_METHOD_MATCH = YES;
				CODE_SIGN_IDENTITY = "iPhone Developer";
				COPY_PHASE_STRIP = NO;
				DEBUG_INFORMATION_FORMAT = "dwarf-with-dsym";
				ENABLE_NS_ASSERTIONS = NO;
				ENABLE_STRICT_OBJC_MSGSEND = YES;
				GCC_C_LANGUAGE_STANDARD = gnu11;
				GCC_NO_COMMON_BLOCKS = YES;
				GCC_WARN_64_TO_32_BIT_CONVERSION = YES;
				GCC_WARN_ABOUT_RETURN_TYPE = YES_ERROR;
				GCC_WARN_UNDECLARED_SELECTOR = YES;
				GCC_WARN_UNINITIALIZED_AUTOS = YES_AGGRESSIVE;
				GCC_WARN_UNUSED_FUNCTION = YES;
				GCC_WARN_UNUSED_VARIABLE = YES;
				IPHONEOS_DEPLOYMENT_TARGET = 12.1;
				MTL_ENABLE_DEBUG_INFO = NO;
				MTL_FAST_MATH = YES;
				SDKROOT = iphoneos;
				VALIDATE_PRODUCT = YES;
			};
			name = Release;
		};
		0A0F1B6B22A90D7800C16554 /* Debug */ = {
			isa = XCBuildConfiguration;
			baseConfigurationReference = 2003429EC04E95486D041793 /* Pods-XXConfig.debug.xcconfig */;
			buildSettings = {
				ASSETCATALOG_COMPILER_APPICON_NAME = AppIcon;
				BASE_URL = "";
				CODE_SIGN_STYLE = Manual;
				DEVELOPMENT_TEAM = X39TD4U746;
				INFOPLIST_FILE = XXConfig/Info.plist;
				IPHONEOS_DEPLOYMENT_TARGET = 11.0;
				LD_RUNPATH_SEARCH_PATHS = (
					"$(inherited)",
					"@executable_path/Frameworks",
				);
				PRODUCT_BUNDLE_IDENTIFIER = com.coolmath.homeworkDev;
				PRODUCT_NAME = "$(TARGET_NAME)";
				PROVISIONING_PROFILE_SPECIFIER = "Homework iPhone Development";
				TARGETED_DEVICE_FAMILY = "1,2";
			};
			name = Debug;
		};
		0A0F1B6C22A90D7800C16554 /* Release */ = {
			isa = XCBuildConfiguration;
			baseConfigurationReference = 3F2871F2F63B5C3B85F36116 /* Pods-XXConfig.release.xcconfig */;
			buildSettings = {
				ASSETCATALOG_COMPILER_APPICON_NAME = AppIcon;
				CODE_SIGN_STYLE = Manual;
				DEVELOPMENT_TEAM = X39TD4U746;
				INFOPLIST_FILE = XXConfig/Info.plist;
				IPHONEOS_DEPLOYMENT_TARGET = 11.0;
				LD_RUNPATH_SEARCH_PATHS = (
					"$(inherited)",
					"@executable_path/Frameworks",
				);
				PRODUCT_BUNDLE_IDENTIFIER = com.coolmath.homeworkDev;
				PRODUCT_NAME = "$(TARGET_NAME)";
				PROVISIONING_PROFILE_SPECIFIER = "Homework iPhone Development";
				TARGETED_DEVICE_FAMILY = "1,2";
			};
			name = Release;
		};
		0A0F1B6D22A90E4400C16554 /* BETA */ = {
			isa = XCBuildConfiguration;
			buildSettings = {
				ALWAYS_SEARCH_USER_PATHS = NO;
				CLANG_ANALYZER_NONNULL = YES;
				CLANG_ANALYZER_NUMBER_OBJECT_CONVERSION = YES_AGGRESSIVE;
				CLANG_CXX_LANGUAGE_STANDARD = "gnu++14";
				CLANG_CXX_LIBRARY = "libc++";
				CLANG_ENABLE_MODULES = YES;
				CLANG_ENABLE_OBJC_ARC = YES;
				CLANG_ENABLE_OBJC_WEAK = YES;
				CLANG_WARN_BLOCK_CAPTURE_AUTORELEASING = YES;
				CLANG_WARN_BOOL_CONVERSION = YES;
				CLANG_WARN_COMMA = YES;
				CLANG_WARN_CONSTANT_CONVERSION = YES;
				CLANG_WARN_DEPRECATED_OBJC_IMPLEMENTATIONS = YES;
				CLANG_WARN_DIRECT_OBJC_ISA_USAGE = YES_ERROR;
				CLANG_WARN_DOCUMENTATION_COMMENTS = YES;
				CLANG_WARN_EMPTY_BODY = YES;
				CLANG_WARN_ENUM_CONVERSION = YES;
				CLANG_WARN_INFINITE_RECURSION = YES;
				CLANG_WARN_INT_CONVERSION = YES;
				CLANG_WARN_NON_LITERAL_NULL_CONVERSION = YES;
				CLANG_WARN_OBJC_IMPLICIT_RETAIN_SELF = YES;
				CLANG_WARN_OBJC_LITERAL_CONVERSION = YES;
				CLANG_WARN_OBJC_ROOT_CLASS = YES_ERROR;
				CLANG_WARN_RANGE_LOOP_ANALYSIS = YES;
				CLANG_WARN_STRICT_PROTOTYPES = YES;
				CLANG_WARN_SUSPICIOUS_MOVE = YES;
				CLANG_WARN_UNGUARDED_AVAILABILITY = YES_AGGRESSIVE;
				CLANG_WARN_UNREACHABLE_CODE = YES;
				CLANG_WARN__DUPLICATE_METHOD_MATCH = YES;
				CODE_SIGN_IDENTITY = "iPhone Developer";
				COPY_PHASE_STRIP = NO;
				DEBUG_INFORMATION_FORMAT = dwarf;
				ENABLE_STRICT_OBJC_MSGSEND = YES;
				ENABLE_TESTABILITY = YES;
				GCC_C_LANGUAGE_STANDARD = gnu11;
				GCC_DYNAMIC_NO_PIC = NO;
				GCC_NO_COMMON_BLOCKS = YES;
				GCC_OPTIMIZATION_LEVEL = 0;
				GCC_PREPROCESSOR_DEFINITIONS = (
					"DEBUG=1",
					"$(inherited)",
				);
				GCC_WARN_64_TO_32_BIT_CONVERSION = YES;
				GCC_WARN_ABOUT_RETURN_TYPE = YES_ERROR;
				GCC_WARN_UNDECLARED_SELECTOR = YES;
				GCC_WARN_UNINITIALIZED_AUTOS = YES_AGGRESSIVE;
				GCC_WARN_UNUSED_FUNCTION = YES;
				GCC_WARN_UNUSED_VARIABLE = YES;
				IPHONEOS_DEPLOYMENT_TARGET = 12.1;
				MTL_ENABLE_DEBUG_INFO = INCLUDE_SOURCE;
				MTL_FAST_MATH = YES;
				ONLY_ACTIVE_ARCH = YES;
				SDKROOT = iphoneos;
			};
			name = BETA;
		};
		0A0F1B6E22A90E4400C16554 /* BETA */ = {
			isa = XCBuildConfiguration;
			baseConfigurationReference = 0A0F1B6F22A90E5D00C16554 /* BETA.xcconfig */;
			buildSettings = {
				ASSETCATALOG_COMPILER_APPICON_NAME = AppIcon;
				CODE_SIGN_STYLE = Manual;
				DEVELOPMENT_TEAM = X39TD4U746;
				INFOPLIST_FILE = XXConfig/Info.plist;
				IPHONEOS_DEPLOYMENT_TARGET = 11.0;
				LD_RUNPATH_SEARCH_PATHS = (
					"$(inherited)",
					"@executable_path/Frameworks",
				);
				PRODUCT_BUNDLE_IDENTIFIER = com.coolmath.homeworkDev;
				PRODUCT_NAME = "$(TARGET_NAME)";
				PROVISIONING_PROFILE_SPECIFIER = "Homework iPhone Development";
				TARGETED_DEVICE_FAMILY = "1,2";
			};
			name = BETA;
		};
/* End XCBuildConfiguration section */

/* Begin XCConfigurationList section */
		0A0F1B4F22A90D7700C16554 /* Build configuration list for PBXProject "XXConfig" */ = {
			isa = XCConfigurationList;
			buildConfigurations = (
				0A0F1B6822A90D7800C16554 /* Debug */,
				0A0F1B6D22A90E4400C16554 /* BETA */,
				0A0F1B6922A90D7800C16554 /* Release */,
			);
			defaultConfigurationIsVisible = 0;
			defaultConfigurationName = Release;
		};
		0A0F1B6A22A90D7800C16554 /* Build configuration list for PBXNativeTarget "XXConfig" */ = {
			isa = XCConfigurationList;
			buildConfigurations = (
				0A0F1B6B22A90D7800C16554 /* Debug */,
				0A0F1B6E22A90E4400C16554 /* BETA */,
				0A0F1B6C22A90D7800C16554 /* Release */,
			);
			defaultConfigurationIsVisible = 0;
			defaultConfigurationName = Release;
		};
/* End XCConfigurationList section */
	};
	rootObject = 0A0F1B4C22A90D7700C16554 /* Project object */;
}
